
Microsoft Visual Studio Solution File, Format Version 11.00
# Visual Studio 2010
Project("{FAE04EC0-301F-11D3-BF4B-00C04F79EFBC}") = "1214vr", "Assembly-CSharp.csproj", "{BA31C27D-BF30-F322-0C69-533E4D988E45}"
EndProject
Project("{FAE04EC0-301F-11D3-BF4B-00C04F79EFBC}") = "1214vr", "Assembly-CSharp-firstpass.csproj", "{77859A03-79EC-A63F-215B-E6CBA88E2A9E}"
EndProject
Project("{61E718FC-1687-479A-5BC5-459F37F3D666}") = "1214vr", "Assembly-UnityScript-firstpass.unityproj", "{366F1294-9F56-E8BC-8496-A4B614CC996E}"
EndProject
Project("{FAE04EC0-301F-11D3-BF4B-00C04F79EFBC}") = "1214vr", "Assembly-CSharp-Editor-firstpass.csproj", "{2767BBE5-5592-4716-D16C-1EF0D9A4C1D2}"
EndProject
Project("{FAE04EC0-301F-11D3-BF4B-00C04F79EFBC}") = "1214vr", "Assembly-CSharp-Editor.csproj", "{EB59F50A-1481-339D-E6F6-63422D095FE8}"
EndProject
Global
	GlobalSection(SolutionConfigurationPlatforms) = preSolution
		Debug|Any CPU = Debug|Any CPU
		Release|Any CPU = Release|Any CPU
	EndGlobalSection
	GlobalSection(ProjectConfigurationPlatforms) = postSolution
		{BA31C27D-BF30-F322-0C69-533E4D988E45}.Debug|Any CPU.ActiveCfg = Debug|Any CPU
		{BA31C27D-BF30-F322-0C69-533E4D988E45}.Debug|Any CPU.Build.0 = Debug|Any CPU
		{BA31C27D-BF30-F322-0C69-533E4D988E45}.Release|Any CPU.ActiveCfg = Release|Any CPU
		{BA31C27D-BF30-F322-0C69-533E4D988E45}.Release|Any CPU.Build.0 = Release|Any CPU
		{77859A03-79EC-A63F-215B-E6CBA88E2A9E}.Debug|Any CPU.ActiveCfg = Debug|Any CPU
		{77859A03-79EC-A63F-215B-E6CBA88E2A9E}.Debug|Any CPU.Build.0 = Debug|Any CPU
		{77859A03-79EC-A63F-215B-E6CBA88E2A9E}.Release|Any CPU.ActiveCfg = Release|Any CPU
		{77859A03-79EC-A63F-215B-E6CBA88E2A9E}.Release|Any CPU.Build.0 = Release|Any CPU
		{366F1294-9F56-E8BC-8496-A4B614CC996E}.Debug|Any CPU.ActiveCfg = Debug|Any CPU
		{366F1294-9F56-E8BC-8496-A4B614CC996E}.Debug|Any CPU.Build.0 = Debug|Any CPU
		{366F1294-9F56-E8BC-8496-A4B614CC996E}.Release|Any CPU.ActiveCfg = Release|Any CPU
		{366F1294-9F56-E8BC-8496-A4B614CC996E}.Release|Any CPU.Build.0 = Release|Any CPU
		{2767BBE5-5592-4716-D16C-1EF0D9A4C1D2}.Debug|Any CPU.ActiveCfg = Debug|Any CPU
		{2767BBE5-5592-4716-D16C-1EF0D9A4C1D2}.Debug|Any CPU.Build.0 = Debug|Any CPU
		{2767BBE5-5592-4716-D16C-1EF0D9A4C1D2}.Release|Any CPU.ActiveCfg = Release|Any CPU
		{2767BBE5-5592-4716-D16C-1EF0D9A4C1D2}.Release|Any CPU.Build.0 = Release|Any CPU
		{EB59F50A-1481-339D-E6F6-63422D095FE8}.Debug|Any CPU.ActiveCfg = Debug|Any CPU
		{EB59F50A-1481-339D-E6F6-63422D095FE8}.Debug|Any CPU.Build.0 = Debug|Any CPU
		{EB59F50A-1481-339D-E6F6-63422D095FE8}.Release|Any CPU.ActiveCfg = Release|Any CPU
		{EB59F50A-1481-339D-E6F6-63422D095FE8}.Release|Any CPU.Build.0 = Release|Any CPU
	EndGlobalSection
	GlobalSection(SolutionProperties) = preSolution
		HideSolutionNode = FALSE
	EndGlobalSection
	GlobalSection(MonoDevelopProperties) = preSolution
		StartupItem = Assembly-CSharp.csproj
	EndGlobalSection
EndGlobal
